
Microsoft Visual Studio Solution File, Format Version 12.00
# Visual Studio 15
VisualStudioVersion = 15.0.26430.15
MinimumVisualStudioVersion = 10.0.40219.1
Project("{9A19103F-16F7-4668-BE54-9A1E7A4F7556}") = "GameEngine", "ConnectFour\GameEngine.csproj", "{C01EDE28-39FA-494D-86D7-43BCA2F8A543}"
	ProjectSection(ProjectDependencies) = postProject
		{2E5A0CEA-0E6C-41E5-AAA9-9A9894156852} = {2E5A0CEA-0E6C-41E5-AAA9-9A9894156852}
	EndProjectSection
EndProject
Project("{9A19103F-16F7-4668-BE54-9A1E7A4F7556}") = "Common", "Common\Common.csproj", "{2E5A0CEA-0E6C-41E5-AAA9-9A9894156852}"
EndProject
Project("{FAE04EC0-301F-11D3-BF4B-00C04F79EFBC}") = "Connect4ConsoleUI", "Connect4ConsoleUI\Connect4ConsoleUI.csproj", "{FE9E5ED7-23E6-44C3-9E9C-1EBE1DFC702B}"
	ProjectSection(ProjectDependencies) = postProject
		{C01EDE28-39FA-494D-86D7-43BCA2F8A543} = {C01EDE28-39FA-494D-86D7-43BCA2F8A543}
		{2E5A0CEA-0E6C-41E5-AAA9-9A9894156852} = {2E5A0CEA-0E6C-41E5-AAA9-9A9894156852}
	EndProjectSection
EndProject
Project("{FAE04EC0-301F-11D3-BF4B-00C04F79EFBC}") = "HumanPlayerForConsole", "HumanPlayerForConsole\HumanPlayerForConsole.csproj", "{3C25C46E-25AB-4ACF-8B43-5A1898FCEC1D}"
	ProjectSection(ProjectDependencies) = postProject
		{2E5A0CEA-0E6C-41E5-AAA9-9A9894156852} = {2E5A0CEA-0E6C-41E5-AAA9-9A9894156852}
	EndProjectSection
EndProject
Project("{FAE04EC0-301F-11D3-BF4B-00C04F79EFBC}") = "RegularAIPlayer", "RegularAIPlayer\RegularAIPlayer.csproj", "{37A77748-9B62-434C-B27D-30283F9551F9}"
EndProject
Project("{FAE04EC0-301F-11D3-BF4B-00C04F79EFBC}") = "ConnectWebApp", "ConnectWebApp\ConnectWebApp.csproj", "{EA1A96BE-A083-4AAE-A61E-ADD216FB93B4}"
EndProject
Global
	GlobalSection(SolutionConfigurationPlatforms) = preSolution
		Debug|Any CPU = Debug|Any CPU
		Release|Any CPU = Release|Any CPU
	EndGlobalSection
	GlobalSection(ProjectConfigurationPlatforms) = postSolution
		{C01EDE28-39FA-494D-86D7-43BCA2F8A543}.Debug|Any CPU.ActiveCfg = Debug|Any CPU
		{C01EDE28-39FA-494D-86D7-43BCA2F8A543}.Debug|Any CPU.Build.0 = Debug|Any CPU
		{C01EDE28-39FA-494D-86D7-43BCA2F8A543}.Release|Any CPU.ActiveCfg = Release|Any CPU
		{C01EDE28-39FA-494D-86D7-43BCA2F8A543}.Release|Any CPU.Build.0 = Release|Any CPU
		{2E5A0CEA-0E6C-41E5-AAA9-9A9894156852}.Debug|Any CPU.ActiveCfg = Debug|Any CPU
		{2E5A0CEA-0E6C-41E5-AAA9-9A9894156852}.Debug|Any CPU.Build.0 = Debug|Any CPU
		{2E5A0CEA-0E6C-41E5-AAA9-9A9894156852}.Release|Any CPU.ActiveCfg = Release|Any CPU
		{2E5A0CEA-0E6C-41E5-AAA9-9A9894156852}.Release|Any CPU.Build.0 = Release|Any CPU
		{FE9E5ED7-23E6-44C3-9E9C-1EBE1DFC702B}.Debug|Any CPU.ActiveCfg = Debug|Any CPU
		{FE9E5ED7-23E6-44C3-9E9C-1EBE1DFC702B}.Debug|Any CPU.Build.0 = Debug|Any CPU
		{FE9E5ED7-23E6-44C3-9E9C-1EBE1DFC702B}.Release|Any CPU.ActiveCfg = Release|Any CPU
		{FE9E5ED7-23E6-44C3-9E9C-1EBE1DFC702B}.Release|Any CPU.Build.0 = Release|Any CPU
		{3C25C46E-25AB-4ACF-8B43-5A1898FCEC1D}.Debug|Any CPU.ActiveCfg = Debug|Any CPU
		{3C25C46E-25AB-4ACF-8B43-5A1898FCEC1D}.Debug|Any CPU.Build.0 = Debug|Any CPU
		{3C25C46E-25AB-4ACF-8B43-5A1898FCEC1D}.Release|Any CPU.ActiveCfg = Release|Any CPU
		{3C25C46E-25AB-4ACF-8B43-5A1898FCEC1D}.Release|Any CPU.Build.0 = Release|Any CPU
		{37A77748-9B62-434C-B27D-30283F9551F9}.Debug|Any CPU.ActiveCfg = Debug|Any CPU
		{37A77748-9B62-434C-B27D-30283F9551F9}.Debug|Any CPU.Build.0 = Debug|Any CPU
		{37A77748-9B62-434C-B27D-30283F9551F9}.Release|Any CPU.ActiveCfg = Release|Any CPU
		{37A77748-9B62-434C-B27D-30283F9551F9}.Release|Any CPU.Build.0 = Release|Any CPU
		{EA1A96BE-A083-4AAE-A61E-ADD216FB93B4}.Debug|Any CPU.ActiveCfg = Debug|Any CPU
		{EA1A96BE-A083-4AAE-A61E-ADD216FB93B4}.Debug|Any CPU.Build.0 = Debug|Any CPU
		{EA1A96BE-A083-4AAE-A61E-ADD216FB93B4}.Release|Any CPU.ActiveCfg = Release|Any CPU
		{EA1A96BE-A083-4AAE-A61E-ADD216FB93B4}.Release|Any CPU.Build.0 = Release|Any CPU
	EndGlobalSection
	GlobalSection(SolutionProperties) = preSolution
		HideSolutionNode = FALSE
	EndGlobalSection
EndGlobal
